
Microsoft Visual Studio Solution File, Format Version 12.00
# Visual Studio Version 16
VisualStudioVersion = 16.0.29519.87
MinimumVisualStudioVersion = 10.0.40219.1
Project("{FAE04EC0-301F-11D3-BF4B-00C04F79EFBC}") = "Capstone_1-Pig_Latin", "Capstone_1-Pig_Latin\Capstone_1-Pig_Latin.csproj", "{3BB92F1A-84A2-4896-A1F9-76DEB4674F6C}"
EndProject
Global
	GlobalSection(SolutionConfigurationPlatforms) = preSolution
		Debug|Any CPU = Debug|Any CPU
		Release|Any CPU = Release|Any CPU
	EndGlobalSection
	GlobalSection(ProjectConfigurationPlatforms) = postSolution
		{3BB92F1A-84A2-4896-A1F9-76DEB4674F6C}.Debug|Any CPU.ActiveCfg = Debug|Any CPU
		{3BB92F1A-84A2-4896-A1F9-76DEB4674F6C}.Debug|Any CPU.Build.0 = Debug|Any CPU
		{3BB92F1A-84A2-4896-A1F9-76DEB4674F6C}.Release|Any CPU.ActiveCfg = Release|Any CPU
		{3BB92F1A-84A2-4896-A1F9-76DEB4674F6C}.Release|Any CPU.Build.0 = Release|Any CPU
	EndGlobalSection
	GlobalSection(SolutionProperties) = preSolution
		HideSolutionNode = FALSE
	EndGlobalSection
	GlobalSection(ExtensibilityGlobals) = postSolution
		SolutionGuid = {3E8D57AE-33E7-4A96-BA48-36B84FBAD30E}
	EndGlobalSection
EndGlobal
